
Microsoft Visual Studio Solution File, Format Version 12.00
# Visual Studio 15
VisualStudioVersion = 15.0.27130.2027
MinimumVisualStudioVersion = 10.0.40219.1
Project("{FAE04EC0-301F-11D3-BF4B-00C04F79EFBC}") = "Day1", "oopcs-lecture1\Day1.csproj", "{41C8ECC5-C8A5-4602-B95B-69DD8E898299}"
EndProject
Project("{FAE04EC0-301F-11D3-BF4B-00C04F79EFBC}") = "Day2", "Day2\Day2.csproj", "{1E821C57-CFFB-4DDE-9089-2E87B63E8C5A}"
EndProject
Project("{FAE04EC0-301F-11D3-BF4B-00C04F79EFBC}") = "Workshop3", "Workshop3\Workshop3.csproj", "{018F5E8B-AA19-46F9-A41D-E7FDC95AFCE3}"
EndProject
Project("{FAE04EC0-301F-11D3-BF4B-00C04F79EFBC}") = "Day2b", "Day2b\Day2b.csproj", "{31758C8D-19B1-4804-9B98-CC0BBE9B04AE}"
EndProject
Project("{2150E333-8FDC-42A3-9474-1A3956D46DE8}") = "oopcs", "oopcs", "{D01B6AA3-4287-4366-A23C-27BD563942F1}"
EndProject
Project("{2150E333-8FDC-42A3-9474-1A3956D46DE8}") = "oopcs-tests", "oopcs-tests", "{EA0FF87B-EDD3-4ACD-83EF-86057085C7CB}"
EndProject
Project("{FAE04EC0-301F-11D3-BF4B-00C04F79EFBC}") = "Lecture4Tests", "Lecture4Tests\Lecture4Tests.csproj", "{CB6F73F0-5E5D-4F98-957C-BA9A00E5EA77}"
EndProject
Project("{FAE04EC0-301F-11D3-BF4B-00C04F79EFBC}") = "Workshop2", "Workshop2\Workshop2.csproj", "{C07FDE2E-1FD6-46F3-A69E-7846766C084D}"
EndProject
Project("{FAE04EC0-301F-11D3-BF4B-00C04F79EFBC}") = "Workshop4", "Workshop4\Workshop4.csproj", "{283B362A-4BE2-4114-A31E-241D617E9CF4}"
EndProject
Project("{9A19103F-16F7-4668-BE54-9A1E7A4F7556}") = "RationalLibrary", "RationalLibrary\RationalLibrary.csproj", "{D13810BE-D234-492B-A93F-599300DAE52A}"
EndProject
Project("{FAE04EC0-301F-11D3-BF4B-00C04F79EFBC}") = "Lecture4", "Lecture4\Lecture4.csproj", "{1D59CACC-D0F2-4B2C-9103-9009433AAE84}"
EndProject
Project("{FAE04EC0-301F-11D3-BF4B-00C04F79EFBC}") = "Workshop5", "Workshop5\Workshop5.csproj", "{789FE0B2-1D40-4C4E-964B-E99757C5CF86}"
EndProject
Project("{FAE04EC0-301F-11D3-BF4B-00C04F79EFBC}") = "Lecture5", "Lecture5\Lecture5.csproj", "{DBB01985-AFB8-4CC8-8649-28C0868B7FC2}"
EndProject
Global
	GlobalSection(SolutionConfigurationPlatforms) = preSolution
		Debug|Any CPU = Debug|Any CPU
		Release|Any CPU = Release|Any CPU
	EndGlobalSection
	GlobalSection(ProjectConfigurationPlatforms) = postSolution
		{41C8ECC5-C8A5-4602-B95B-69DD8E898299}.Debug|Any CPU.ActiveCfg = Debug|Any CPU
		{41C8ECC5-C8A5-4602-B95B-69DD8E898299}.Debug|Any CPU.Build.0 = Debug|Any CPU
		{41C8ECC5-C8A5-4602-B95B-69DD8E898299}.Release|Any CPU.ActiveCfg = Release|Any CPU
		{41C8ECC5-C8A5-4602-B95B-69DD8E898299}.Release|Any CPU.Build.0 = Release|Any CPU
		{1E821C57-CFFB-4DDE-9089-2E87B63E8C5A}.Debug|Any CPU.ActiveCfg = Debug|Any CPU
		{1E821C57-CFFB-4DDE-9089-2E87B63E8C5A}.Debug|Any CPU.Build.0 = Debug|Any CPU
		{1E821C57-CFFB-4DDE-9089-2E87B63E8C5A}.Release|Any CPU.ActiveCfg = Release|Any CPU
		{1E821C57-CFFB-4DDE-9089-2E87B63E8C5A}.Release|Any CPU.Build.0 = Release|Any CPU
		{018F5E8B-AA19-46F9-A41D-E7FDC95AFCE3}.Debug|Any CPU.ActiveCfg = Debug|Any CPU
		{018F5E8B-AA19-46F9-A41D-E7FDC95AFCE3}.Debug|Any CPU.Build.0 = Debug|Any CPU
		{018F5E8B-AA19-46F9-A41D-E7FDC95AFCE3}.Release|Any CPU.ActiveCfg = Release|Any CPU
		{018F5E8B-AA19-46F9-A41D-E7FDC95AFCE3}.Release|Any CPU.Build.0 = Release|Any CPU
		{31758C8D-19B1-4804-9B98-CC0BBE9B04AE}.Debug|Any CPU.ActiveCfg = Debug|Any CPU
		{31758C8D-19B1-4804-9B98-CC0BBE9B04AE}.Debug|Any CPU.Build.0 = Debug|Any CPU
		{31758C8D-19B1-4804-9B98-CC0BBE9B04AE}.Release|Any CPU.ActiveCfg = Release|Any CPU
		{31758C8D-19B1-4804-9B98-CC0BBE9B04AE}.Release|Any CPU.Build.0 = Release|Any CPU
		{CB6F73F0-5E5D-4F98-957C-BA9A00E5EA77}.Debug|Any CPU.ActiveCfg = Debug|Any CPU
		{CB6F73F0-5E5D-4F98-957C-BA9A00E5EA77}.Debug|Any CPU.Build.0 = Debug|Any CPU
		{CB6F73F0-5E5D-4F98-957C-BA9A00E5EA77}.Release|Any CPU.ActiveCfg = Release|Any CPU
		{CB6F73F0-5E5D-4F98-957C-BA9A00E5EA77}.Release|Any CPU.Build.0 = Release|Any CPU
		{C07FDE2E-1FD6-46F3-A69E-7846766C084D}.Debug|Any CPU.ActiveCfg = Debug|Any CPU
		{C07FDE2E-1FD6-46F3-A69E-7846766C084D}.Debug|Any CPU.Build.0 = Debug|Any CPU
		{C07FDE2E-1FD6-46F3-A69E-7846766C084D}.Release|Any CPU.ActiveCfg = Release|Any CPU
		{C07FDE2E-1FD6-46F3-A69E-7846766C084D}.Release|Any CPU.Build.0 = Release|Any CPU
		{283B362A-4BE2-4114-A31E-241D617E9CF4}.Debug|Any CPU.ActiveCfg = Debug|Any CPU
		{283B362A-4BE2-4114-A31E-241D617E9CF4}.Debug|Any CPU.Build.0 = Debug|Any CPU
		{283B362A-4BE2-4114-A31E-241D617E9CF4}.Release|Any CPU.ActiveCfg = Release|Any CPU
		{283B362A-4BE2-4114-A31E-241D617E9CF4}.Release|Any CPU.Build.0 = Release|Any CPU
		{D13810BE-D234-492B-A93F-599300DAE52A}.Debug|Any CPU.ActiveCfg = Debug|Any CPU
		{D13810BE-D234-492B-A93F-599300DAE52A}.Debug|Any CPU.Build.0 = Debug|Any CPU
		{D13810BE-D234-492B-A93F-599300DAE52A}.Release|Any CPU.ActiveCfg = Release|Any CPU
		{D13810BE-D234-492B-A93F-599300DAE52A}.Release|Any CPU.Build.0 = Release|Any CPU
		{1D59CACC-D0F2-4B2C-9103-9009433AAE84}.Debug|Any CPU.ActiveCfg = Debug|Any CPU
		{1D59CACC-D0F2-4B2C-9103-9009433AAE84}.Debug|Any CPU.Build.0 = Debug|Any CPU
		{1D59CACC-D0F2-4B2C-9103-9009433AAE84}.Release|Any CPU.ActiveCfg = Release|Any CPU
		{1D59CACC-D0F2-4B2C-9103-9009433AAE84}.Release|Any CPU.Build.0 = Release|Any CPU
		{789FE0B2-1D40-4C4E-964B-E99757C5CF86}.Debug|Any CPU.ActiveCfg = Debug|Any CPU
		{789FE0B2-1D40-4C4E-964B-E99757C5CF86}.Debug|Any CPU.Build.0 = Debug|Any CPU
		{789FE0B2-1D40-4C4E-964B-E99757C5CF86}.Release|Any CPU.ActiveCfg = Release|Any CPU
		{789FE0B2-1D40-4C4E-964B-E99757C5CF86}.Release|Any CPU.Build.0 = Release|Any CPU
		{DBB01985-AFB8-4CC8-8649-28C0868B7FC2}.Debug|Any CPU.ActiveCfg = Debug|Any CPU
		{DBB01985-AFB8-4CC8-8649-28C0868B7FC2}.Debug|Any CPU.Build.0 = Debug|Any CPU
		{DBB01985-AFB8-4CC8-8649-28C0868B7FC2}.Release|Any CPU.ActiveCfg = Release|Any CPU
		{DBB01985-AFB8-4CC8-8649-28C0868B7FC2}.Release|Any CPU.Build.0 = Release|Any CPU
	EndGlobalSection
	GlobalSection(SolutionProperties) = preSolution
		HideSolutionNode = FALSE
	EndGlobalSection
	GlobalSection(NestedProjects) = preSolution
		{41C8ECC5-C8A5-4602-B95B-69DD8E898299} = {D01B6AA3-4287-4366-A23C-27BD563942F1}
		{1E821C57-CFFB-4DDE-9089-2E87B63E8C5A} = {D01B6AA3-4287-4366-A23C-27BD563942F1}
		{018F5E8B-AA19-46F9-A41D-E7FDC95AFCE3} = {D01B6AA3-4287-4366-A23C-27BD563942F1}
		{31758C8D-19B1-4804-9B98-CC0BBE9B04AE} = {D01B6AA3-4287-4366-A23C-27BD563942F1}
		{CB6F73F0-5E5D-4F98-957C-BA9A00E5EA77} = {EA0FF87B-EDD3-4ACD-83EF-86057085C7CB}
		{C07FDE2E-1FD6-46F3-A69E-7846766C084D} = {D01B6AA3-4287-4366-A23C-27BD563942F1}
		{283B362A-4BE2-4114-A31E-241D617E9CF4} = {D01B6AA3-4287-4366-A23C-27BD563942F1}
		{D13810BE-D234-492B-A93F-599300DAE52A} = {D01B6AA3-4287-4366-A23C-27BD563942F1}
		{1D59CACC-D0F2-4B2C-9103-9009433AAE84} = {D01B6AA3-4287-4366-A23C-27BD563942F1}
		{789FE0B2-1D40-4C4E-964B-E99757C5CF86} = {D01B6AA3-4287-4366-A23C-27BD563942F1}
		{DBB01985-AFB8-4CC8-8649-28C0868B7FC2} = {D01B6AA3-4287-4366-A23C-27BD563942F1}
	EndGlobalSection
	GlobalSection(ExtensibilityGlobals) = postSolution
		SolutionGuid = {AA5030D2-B904-40EC-B7B5-7E91BEFF67AD}
	EndGlobalSection
EndGlobal
